
Microsoft Visual Studio Solution File, Format Version 12.00
# Visual Studio Version 17
VisualStudioVersion = 17.1.32210.238
MinimumVisualStudioVersion = 10.0.40219.1
Project("{2150E333-8FDC-42A3-9474-1A3956D46DE8}") = "ApiGateways", "ApiGateways", "{EAD76D6B-7F62-4897-8C93-85C9497A4206}"
EndProject
Project("{2150E333-8FDC-42A3-9474-1A3956D46DE8}") = "BuildingBlocks", "BuildingBlocks", "{6BBAC01B-4FD7-40C2-83F5-3574DDA9FA8F}"
EndProject
Project("{2150E333-8FDC-42A3-9474-1A3956D46DE8}") = "Services", "Services", "{7271BF23-8839-42BB-BE33-859CCD3EFF18}"
EndProject
Project("{2150E333-8FDC-42A3-9474-1A3956D46DE8}") = "ContactServices", "ContactServices", "{32595F82-96D2-48FD-873D-00F4787A01AC}"
EndProject
Project("{2150E333-8FDC-42A3-9474-1A3956D46DE8}") = "ReportServices", "ReportServices", "{B988792D-7B80-4492-9D9F-A8688A1DE77F}"
EndProject
Project("{9A19103F-16F7-4668-BE54-9A1E7A4F7556}") = "Contact.Api", "src\Services\ContactServices\Contact.Api\Contact.Api\Contact.Api.csproj", "{42F64256-0A25-464D-BAAD-DACDA58F8D29}"
EndProject
Project("{9A19103F-16F7-4668-BE54-9A1E7A4F7556}") = "Contact.Application", "src\Services\ContactServices\Contact.Application\Contact.Application\Contact.Application.csproj", "{ED1F3A32-1C55-4401-B3FA-6FBDD0462F58}"
EndProject
Project("{9A19103F-16F7-4668-BE54-9A1E7A4F7556}") = "Contact.Domain", "src\Services\ContactServices\Contact.Domain\Contact.Domain\Contact.Domain.csproj", "{1551AF06-7140-416F-AE94-13C9883BCD3E}"
EndProject
Project("{9A19103F-16F7-4668-BE54-9A1E7A4F7556}") = "Contact.Infrastructure", "src\Services\ContactServices\Contact.Infrastructure\Contact.Infrastructure\Contact.Infrastructure.csproj", "{50BDD69E-5DBB-444B-8514-5B91FEA07398}"
EndProject
Project("{9A19103F-16F7-4668-BE54-9A1E7A4F7556}") = "Report.Api", "src\Services\ReportServices\Report.Api\Report.Api\Report.Api.csproj", "{33656591-BE20-4E0C-A17D-2F74D72FA4FC}"
EndProject
Project("{9A19103F-16F7-4668-BE54-9A1E7A4F7556}") = "Report.Application", "src\Services\ReportServices\Report.Application\Report.Application\Report.Application.csproj", "{A8F8081D-F0DD-4816-B627-54F77A3599CD}"
EndProject
Project("{9A19103F-16F7-4668-BE54-9A1E7A4F7556}") = "Report.Domain", "src\Services\ReportServices\Report.Domain\Report.Domain\Report.Domain.csproj", "{CD31FE26-2535-43C2-AE17-5E58CF221810}"
EndProject
Project("{9A19103F-16F7-4668-BE54-9A1E7A4F7556}") = "Report.Infrastructure", "src\Services\ReportServices\Report.Infrastructure\Report.Infrastructure\Report.Infrastructure.csproj", "{0D810468-16AC-4407-9BDC-5654E8D18A12}"
EndProject
Project("{9A19103F-16F7-4668-BE54-9A1E7A4F7556}") = "Contracts", "src\BuildingBlocks\Contracts\Contracts.csproj", "{B6954196-3CC7-43A0-83F8-885937FC0665}"
EndProject
Project("{2150E333-8FDC-42A3-9474-1A3956D46DE8}") = "Test", "Test", "{EBFB4ECB-4D6B-4752-85C2-A11CF1577003}"
EndProject
Project("{9A19103F-16F7-4668-BE54-9A1E7A4F7556}") = "RiseTechnologyTestProject", "src\Test\TestProject1\RiseTechnologyTestProject.csproj", "{F08E9B04-5CA8-432A-99B1-4F265BB6BF4D}"
EndProject
Global
	GlobalSection(SolutionConfigurationPlatforms) = preSolution
		Debug|Any CPU = Debug|Any CPU
		Release|Any CPU = Release|Any CPU
	EndGlobalSection
	GlobalSection(ProjectConfigurationPlatforms) = postSolution
		{42F64256-0A25-464D-BAAD-DACDA58F8D29}.Debug|Any CPU.ActiveCfg = Debug|Any CPU
		{42F64256-0A25-464D-BAAD-DACDA58F8D29}.Debug|Any CPU.Build.0 = Debug|Any CPU
		{42F64256-0A25-464D-BAAD-DACDA58F8D29}.Release|Any CPU.ActiveCfg = Release|Any CPU
		{42F64256-0A25-464D-BAAD-DACDA58F8D29}.Release|Any CPU.Build.0 = Release|Any CPU
		{ED1F3A32-1C55-4401-B3FA-6FBDD0462F58}.Debug|Any CPU.ActiveCfg = Debug|Any CPU
		{ED1F3A32-1C55-4401-B3FA-6FBDD0462F58}.Debug|Any CPU.Build.0 = Debug|Any CPU
		{ED1F3A32-1C55-4401-B3FA-6FBDD0462F58}.Release|Any CPU.ActiveCfg = Release|Any CPU
		{ED1F3A32-1C55-4401-B3FA-6FBDD0462F58}.Release|Any CPU.Build.0 = Release|Any CPU
		{1551AF06-7140-416F-AE94-13C9883BCD3E}.Debug|Any CPU.ActiveCfg = Debug|Any CPU
		{1551AF06-7140-416F-AE94-13C9883BCD3E}.Debug|Any CPU.Build.0 = Debug|Any CPU
		{1551AF06-7140-416F-AE94-13C9883BCD3E}.Release|Any CPU.ActiveCfg = Release|Any CPU
		{1551AF06-7140-416F-AE94-13C9883BCD3E}.Release|Any CPU.Build.0 = Release|Any CPU
		{50BDD69E-5DBB-444B-8514-5B91FEA07398}.Debug|Any CPU.ActiveCfg = Debug|Any CPU
		{50BDD69E-5DBB-444B-8514-5B91FEA07398}.Debug|Any CPU.Build.0 = Debug|Any CPU
		{50BDD69E-5DBB-444B-8514-5B91FEA07398}.Release|Any CPU.ActiveCfg = Release|Any CPU
		{50BDD69E-5DBB-444B-8514-5B91FEA07398}.Release|Any CPU.Build.0 = Release|Any CPU
		{33656591-BE20-4E0C-A17D-2F74D72FA4FC}.Debug|Any CPU.ActiveCfg = Debug|Any CPU
		{33656591-BE20-4E0C-A17D-2F74D72FA4FC}.Debug|Any CPU.Build.0 = Debug|Any CPU
		{33656591-BE20-4E0C-A17D-2F74D72FA4FC}.Release|Any CPU.ActiveCfg = Release|Any CPU
		{33656591-BE20-4E0C-A17D-2F74D72FA4FC}.Release|Any CPU.Build.0 = Release|Any CPU
		{A8F8081D-F0DD-4816-B627-54F77A3599CD}.Debug|Any CPU.ActiveCfg = Debug|Any CPU
		{A8F8081D-F0DD-4816-B627-54F77A3599CD}.Debug|Any CPU.Build.0 = Debug|Any CPU
		{A8F8081D-F0DD-4816-B627-54F77A3599CD}.Release|Any CPU.ActiveCfg = Release|Any CPU
		{A8F8081D-F0DD-4816-B627-54F77A3599CD}.Release|Any CPU.Build.0 = Release|Any CPU
		{CD31FE26-2535-43C2-AE17-5E58CF221810}.Debug|Any CPU.ActiveCfg = Debug|Any CPU
		{CD31FE26-2535-43C2-AE17-5E58CF221810}.Debug|Any CPU.Build.0 = Debug|Any CPU
		{CD31FE26-2535-43C2-AE17-5E58CF221810}.Release|Any CPU.ActiveCfg = Release|Any CPU
		{CD31FE26-2535-43C2-AE17-5E58CF221810}.Release|Any CPU.Build.0 = Release|Any CPU
		{0D810468-16AC-4407-9BDC-5654E8D18A12}.Debug|Any CPU.ActiveCfg = Debug|Any CPU
		{0D810468-16AC-4407-9BDC-5654E8D18A12}.Debug|Any CPU.Build.0 = Debug|Any CPU
		{0D810468-16AC-4407-9BDC-5654E8D18A12}.Release|Any CPU.ActiveCfg = Release|Any CPU
		{0D810468-16AC-4407-9BDC-5654E8D18A12}.Release|Any CPU.Build.0 = Release|Any CPU
		{B6954196-3CC7-43A0-83F8-885937FC0665}.Debug|Any CPU.ActiveCfg = Debug|Any CPU
		{B6954196-3CC7-43A0-83F8-885937FC0665}.Debug|Any CPU.Build.0 = Debug|Any CPU
		{B6954196-3CC7-43A0-83F8-885937FC0665}.Release|Any CPU.ActiveCfg = Release|Any CPU
		{B6954196-3CC7-43A0-83F8-885937FC0665}.Release|Any CPU.Build.0 = Release|Any CPU
		{F08E9B04-5CA8-432A-99B1-4F265BB6BF4D}.Debug|Any CPU.ActiveCfg = Debug|Any CPU
		{F08E9B04-5CA8-432A-99B1-4F265BB6BF4D}.Debug|Any CPU.Build.0 = Debug|Any CPU
		{F08E9B04-5CA8-432A-99B1-4F265BB6BF4D}.Release|Any CPU.ActiveCfg = Release|Any CPU
		{F08E9B04-5CA8-432A-99B1-4F265BB6BF4D}.Release|Any CPU.Build.0 = Release|Any CPU
	EndGlobalSection
	GlobalSection(SolutionProperties) = preSolution
		HideSolutionNode = FALSE
	EndGlobalSection
	GlobalSection(NestedProjects) = preSolution
		{32595F82-96D2-48FD-873D-00F4787A01AC} = {7271BF23-8839-42BB-BE33-859CCD3EFF18}
		{B988792D-7B80-4492-9D9F-A8688A1DE77F} = {7271BF23-8839-42BB-BE33-859CCD3EFF18}
		{42F64256-0A25-464D-BAAD-DACDA58F8D29} = {32595F82-96D2-48FD-873D-00F4787A01AC}
		{ED1F3A32-1C55-4401-B3FA-6FBDD0462F58} = {32595F82-96D2-48FD-873D-00F4787A01AC}
		{1551AF06-7140-416F-AE94-13C9883BCD3E} = {32595F82-96D2-48FD-873D-00F4787A01AC}
		{50BDD69E-5DBB-444B-8514-5B91FEA07398} = {32595F82-96D2-48FD-873D-00F4787A01AC}
		{33656591-BE20-4E0C-A17D-2F74D72FA4FC} = {B988792D-7B80-4492-9D9F-A8688A1DE77F}
		{A8F8081D-F0DD-4816-B627-54F77A3599CD} = {B988792D-7B80-4492-9D9F-A8688A1DE77F}
		{CD31FE26-2535-43C2-AE17-5E58CF221810} = {B988792D-7B80-4492-9D9F-A8688A1DE77F}
		{0D810468-16AC-4407-9BDC-5654E8D18A12} = {B988792D-7B80-4492-9D9F-A8688A1DE77F}
		{B6954196-3CC7-43A0-83F8-885937FC0665} = {6BBAC01B-4FD7-40C2-83F5-3574DDA9FA8F}
		{F08E9B04-5CA8-432A-99B1-4F265BB6BF4D} = {EBFB4ECB-4D6B-4752-85C2-A11CF1577003}
	EndGlobalSection
	GlobalSection(ExtensibilityGlobals) = postSolution
		SolutionGuid = {4E8383BB-7C77-4901-B7D8-DB04CF89BEC2}
	EndGlobalSection
EndGlobal
